
Microsoft Visual Studio Solution File, Format Version 12.00
# Visual Studio Version 17
VisualStudioVersion = 17.2.32602.215
MinimumVisualStudioVersion = 10.0.40219.1
Project("{FAE04EC0-301F-11D3-BF4B-00C04F79EFBC}") = "CSharp_Assignment_3", "CSharp_Assignment_3\CSharp_Assignment_3.csproj", "{FA4E8EE6-8CBC-42E9-AB03-29CE7EF20557}"
EndProject
Global
	GlobalSection(SolutionConfigurationPlatforms) = preSolution
		Debug|Any CPU = Debug|Any CPU
		Release|Any CPU = Release|Any CPU
	EndGlobalSection
	GlobalSection(ProjectConfigurationPlatforms) = postSolution
		{FA4E8EE6-8CBC-42E9-AB03-29CE7EF20557}.Debug|Any CPU.ActiveCfg = Debug|Any CPU
		{FA4E8EE6-8CBC-42E9-AB03-29CE7EF20557}.Debug|Any CPU.Build.0 = Debug|Any CPU
		{FA4E8EE6-8CBC-42E9-AB03-29CE7EF20557}.Release|Any CPU.ActiveCfg = Release|Any CPU
		{FA4E8EE6-8CBC-42E9-AB03-29CE7EF20557}.Release|Any CPU.Build.0 = Release|Any CPU
	EndGlobalSection
	GlobalSection(SolutionProperties) = preSolution
		HideSolutionNode = FALSE
	EndGlobalSection
	GlobalSection(ExtensibilityGlobals) = postSolution
		SolutionGuid = {60E9BADC-238C-4B5C-9A94-5264385A36A5}
	EndGlobalSection
EndGlobal
